{
  "nodes": {
    "flakeNimbleLib": {
      "inputs": {
        "nixpkgs": [
          "nixpkgs"
        ]
      },
      "locked": {
        "lastModified": 1648105061,
        "narHash": "sha256-Je25qNlH4xrH3+m6vIq6yPvdfQ80FRTwX4JOhrRLduc=",
        "owner": "riinr",
        "repo": "nim-flakes-lib",
        "rev": "f1ec5e2f15b9f717c33b6942ce7cb344ff868522",
        "type": "github"
      },
      "original": {
        "owner": "riinr",
        "ref": "master",
        "repo": "nim-flakes-lib",
        "type": "github"
      }
    },
    "nixpkgs": {
      "locked": {
        "narHash": "sha256-sK1Ow//80EKE3bAF5d+2gB8vPXw6m5TBk3wSLHvdVe0=",
        "path": "/nix/store/0yqgkbpmsk7ck4s34wk505sfdd9vils4-source",
        "type": "path"
      },
      "original": {
        "id": "nixpkgs",
        "type": "indirect"
      }
    },
    "root": {
      "inputs": {
        "flakeNimbleLib": "flakeNimbleLib",
        "nixpkgs": "nixpkgs",
        "src-nim_chacha20_poly1305-master": "src-nim_chacha20_poly1305-master",
        "stint": "stint"
      }
    },
    "src-nim_chacha20_poly1305-master": {
      "flake": false,
      "locked": {
        "lastModified": 1645963102,
        "narHash": "sha256-FXDtGzWiYQqqtAFHiT/pRErQjCJzE89omB5QRXUMtfo=",
        "owner": "lantos-lgtm",
        "repo": "nim_chacha20_poly1305",
        "rev": "62432d320dbdc36591400a78f23057313e14b914",
        "type": "github"
      },
      "original": {
        "owner": "lantos-lgtm",
        "ref": "refs/heads/master",
        "repo": "nim_chacha20_poly1305",
        "type": "github"
      }
    },
    "src-stew-master": {
      "flake": false,
      "locked": {
        "lastModified": 1647462294,
        "narHash": "sha256-c2oiWeZnbgllgiyneRUXquJsOoG2Iwzn8FK9nabHMjc=",
        "owner": "status-im",
        "repo": "nim-stew",
        "rev": "419903c9a31ab253cf5cf19f24d9a912dc4b5154",
        "type": "github"
      },
      "original": {
        "owner": "status-im",
        "ref": "refs/heads/master",
        "repo": "nim-stew",
        "type": "github"
      }
    },
    "src-stint-master": {
      "flake": false,
      "locked": {
        "lastModified": 1645729793,
        "narHash": "sha256-+dwM45VLouwvn51Awea+wW7c5+wfJw5dyGtGCYVFC5Q=",
        "owner": "status-im",
        "repo": "nim-stint",
        "rev": "e656ad40d1815f618c12c7636a37e6971959aa62",
        "type": "github"
      },
      "original": {
        "owner": "status-im",
        "ref": "refs/heads/master",
        "repo": "nim-stint",
        "type": "github"
      }
    },
    "stew": {
      "inputs": {
        "flakeNimbleLib": [
          "stint",
          "stint-master",
          "flakeNimbleLib"
        ],
        "nixpkgs": [
          "stint",
          "stint-master",
          "nixpkgs"
        ],
        "stew-master": "stew-master"
      },
      "locked": {
        "lastModified": 1648108133,
        "narHash": "sha256-mT48CapDbojj/LsOxtK4S6s6RhmZEFW8wkoeYVFtQ6Y=",
        "owner": "nim-nix-pkgs",
        "repo": "stew",
        "rev": "fd51cd67444e92ddf7ad7867f44e03e4cc99eba5",
        "type": "github"
      },
      "original": {
        "owner": "nim-nix-pkgs",
        "ref": "master",
        "repo": "stew",
        "type": "github"
      }
    },
    "stew-master": {
      "inputs": {
        "flakeNimbleLib": [
          "stint",
          "stint-master",
          "stew",
          "flakeNimbleLib"
        ],
        "nixpkgs": [
          "stint",
          "stint-master",
          "stew",
          "nixpkgs"
        ],
        "src-stew-master": "src-stew-master"
      },
      "locked": {
        "dir": "master",
        "lastModified": 1648108133,
        "narHash": "sha256-mT48CapDbojj/LsOxtK4S6s6RhmZEFW8wkoeYVFtQ6Y=",
        "owner": "nim-nix-pkgs",
        "repo": "stew",
        "rev": "fd51cd67444e92ddf7ad7867f44e03e4cc99eba5",
        "type": "github"
      },
      "original": {
        "dir": "master",
        "owner": "nim-nix-pkgs",
        "ref": "master",
        "repo": "stew",
        "type": "github"
      }
    },
    "stint": {
      "inputs": {
        "flakeNimbleLib": [
          "flakeNimbleLib"
        ],
        "nixpkgs": [
          "nixpkgs"
        ],
        "stint-master": "stint-master"
      },
      "locked": {
        "lastModified": 1648110294,
        "narHash": "sha256-+Em3mbt8yTr8tvdgsGptMY3nkjqZMXa7rgtUVoeyUW0=",
        "owner": "nim-nix-pkgs",
        "repo": "stint",
        "rev": "d65d3d405cdfbb8de1169b886e73adb6cbea1e95",
        "type": "github"
      },
      "original": {
        "owner": "nim-nix-pkgs",
        "ref": "master",
        "repo": "stint",
        "type": "github"
      }
    },
    "stint-master": {
      "inputs": {
        "flakeNimbleLib": [
          "stint",
          "flakeNimbleLib"
        ],
        "nixpkgs": [
          "stint",
          "nixpkgs"
        ],
        "src-stint-master": "src-stint-master",
        "stew": "stew"
      },
      "locked": {
        "dir": "master",
        "lastModified": 1648110294,
        "narHash": "sha256-+Em3mbt8yTr8tvdgsGptMY3nkjqZMXa7rgtUVoeyUW0=",
        "owner": "nim-nix-pkgs",
        "repo": "stint",
        "rev": "d65d3d405cdfbb8de1169b886e73adb6cbea1e95",
        "type": "github"
      },
      "original": {
        "dir": "master",
        "owner": "nim-nix-pkgs",
        "ref": "master",
        "repo": "stint",
        "type": "github"
      }
    }
  },
  "root": "root",
  "version": 7
}
